
Microsoft Visual Studio Solution File, Format Version 12.00
# Visual Studio Version 17
VisualStudioVersion = 17.1.32319.34
MinimumVisualStudioVersion = 10.0.40219.1
Project("{FAE04EC0-301F-11D3-BF4B-00C04F79EFBC}") = "eTickets", "eTickets\eTickets.csproj", "{1A7A4FA7-6130-4A56-98A0-856C8ECC33A2}"
EndProject
Global
	GlobalSection(SolutionConfigurationPlatforms) = preSolution
		Debug|Any CPU = Debug|Any CPU
		Release|Any CPU = Release|Any CPU
	EndGlobalSection
	GlobalSection(ProjectConfigurationPlatforms) = postSolution
		{1A7A4FA7-6130-4A56-98A0-856C8ECC33A2}.Debug|Any CPU.ActiveCfg = Debug|Any CPU
		{1A7A4FA7-6130-4A56-98A0-856C8ECC33A2}.Debug|Any CPU.Build.0 = Debug|Any CPU
		{1A7A4FA7-6130-4A56-98A0-856C8ECC33A2}.Release|Any CPU.ActiveCfg = Release|Any CPU
		{1A7A4FA7-6130-4A56-98A0-856C8ECC33A2}.Release|Any CPU.Build.0 = Release|Any CPU
	EndGlobalSection
	GlobalSection(SolutionProperties) = preSolution
		HideSolutionNode = FALSE
	EndGlobalSection
	GlobalSection(ExtensibilityGlobals) = postSolution
		SolutionGuid = {05E9739D-3D2A-4CCC-9BD8-A7F11D57EF45}
	EndGlobalSection
EndGlobal
